
Microsoft Visual Studio Solution File, Format Version 11.00
# Visual Studio 2010
Project("{FAE04EC0-301F-11D3-BF4B-00C04F79EFBC}") = "Store.Domain", "SportsStore.Domain\Store.Domain.csproj", "{07A9E4EF-0CEE-4CF7-AADB-BA50E2E99D37}"
EndProject
Project("{FAE04EC0-301F-11D3-BF4B-00C04F79EFBC}") = "Store.WebUI", "SportsStore.WebUI\Store.WebUI.csproj", "{B884D8E5-8963-4239-B43B-C6F7E2924975}"
EndProject
Project("{FAE04EC0-301F-11D3-BF4B-00C04F79EFBC}") = "Store.Resourses", "Store.Resourses\Store.Resourses.csproj", "{919840C7-8FC1-424C-80A7-4BC7E3133DD7}"
EndProject
Global
	GlobalSection(TestCaseManagementSettings) = postSolution
		CategoryFile = SportsStore.vsmdi
	EndGlobalSection
	GlobalSection(SolutionConfigurationPlatforms) = preSolution
		Debug|Any CPU = Debug|Any CPU
		Release|Any CPU = Release|Any CPU
	EndGlobalSection
	GlobalSection(ProjectConfigurationPlatforms) = postSolution
		{07A9E4EF-0CEE-4CF7-AADB-BA50E2E99D37}.Debug|Any CPU.ActiveCfg = Debug|Any CPU
		{07A9E4EF-0CEE-4CF7-AADB-BA50E2E99D37}.Debug|Any CPU.Build.0 = Debug|Any CPU
		{07A9E4EF-0CEE-4CF7-AADB-BA50E2E99D37}.Release|Any CPU.ActiveCfg = Release|Any CPU
		{07A9E4EF-0CEE-4CF7-AADB-BA50E2E99D37}.Release|Any CPU.Build.0 = Release|Any CPU
		{B884D8E5-8963-4239-B43B-C6F7E2924975}.Debug|Any CPU.ActiveCfg = Debug|Any CPU
		{B884D8E5-8963-4239-B43B-C6F7E2924975}.Debug|Any CPU.Build.0 = Debug|Any CPU
		{B884D8E5-8963-4239-B43B-C6F7E2924975}.Release|Any CPU.ActiveCfg = Release|Any CPU
		{B884D8E5-8963-4239-B43B-C6F7E2924975}.Release|Any CPU.Build.0 = Release|Any CPU
		{919840C7-8FC1-424C-80A7-4BC7E3133DD7}.Debug|Any CPU.ActiveCfg = Debug|Any CPU
		{919840C7-8FC1-424C-80A7-4BC7E3133DD7}.Debug|Any CPU.Build.0 = Debug|Any CPU
		{919840C7-8FC1-424C-80A7-4BC7E3133DD7}.Release|Any CPU.ActiveCfg = Release|Any CPU
		{919840C7-8FC1-424C-80A7-4BC7E3133DD7}.Release|Any CPU.Build.0 = Release|Any CPU
	EndGlobalSection
	GlobalSection(SolutionProperties) = preSolution
		HideSolutionNode = FALSE
	EndGlobalSection
EndGlobal
